
Microsoft Visual Studio Solution File, Format Version 12.00
# Visual Studio Version 17
VisualStudioVersion = 17.10.35027.167
MinimumVisualStudioVersion = 10.0.40219.1
Project("{2150E333-8FDC-42A3-9474-1A3956D46DE8}") = "API", "API", "{737D3361-C1A8-4AE0-A887-2A5CF5E0B0F3}"
EndProject
Project("{2150E333-8FDC-42A3-9474-1A3956D46DE8}") = "Core", "Core", "{5ADC0312-0E6E-4250-8EFA-3B5EDA009785}"
EndProject
Project("{2150E333-8FDC-42A3-9474-1A3956D46DE8}") = "Infrastructure", "Infrastructure", "{2D725C21-B603-40CE-9A87-045D0307B1CA}"
EndProject
Project("{2150E333-8FDC-42A3-9474-1A3956D46DE8}") = "UI", "UI", "{2CD9ACDD-0A30-4B50-B461-40D5F4F2CFC9}"
EndProject
Project("{2150E333-8FDC-42A3-9474-1A3956D46DE8}") = "Src", "Src", "{0060394E-ADD5-4B18-9534-48D85F2474B1}"
EndProject
Project("{2150E333-8FDC-42A3-9474-1A3956D46DE8}") = "Test", "Test", "{D50E93A3-ECFC-4696-AEC5-631DF9DDC7F2}"
EndProject
Project("{9A19103F-16F7-4668-BE54-9A1E7A4F7556}") = "TP.Application", "TP.Application\TP.Application.csproj", "{D2D86A81-FA40-4B21-B349-6C9F31FE7C9C}"
EndProject
Project("{9A19103F-16F7-4668-BE54-9A1E7A4F7556}") = "TP.Domain", "TP.Domain\TP.Domain.csproj", "{926AC439-B946-4941-82DB-DCBC18CEA7C7}"
EndProject
Project("{9A19103F-16F7-4668-BE54-9A1E7A4F7556}") = "TP.Infrastructure", "TP.Infrastructure\TP.Infrastructure.csproj", "{74A3FA1D-0D6A-41CA-914E-87AEBBF4E2EB}"
EndProject
Project("{9A19103F-16F7-4668-BE54-9A1E7A4F7556}") = "TP.Persistence", "TP.Persistence\TP.Persistence.csproj", "{0BF54118-18D7-4C93-ACB1-07480DC97D60}"
EndProject
Project("{FAE04EC0-301F-11D3-BF4B-00C04F79EFBC}") = "TestProject.Api", "TestProject.Api\TestProject.Api.csproj", "{6C783E16-19F6-4FC1-9F5F-2D95EB3C545A}"
EndProject
Global
	GlobalSection(SolutionConfigurationPlatforms) = preSolution
		Debug|Any CPU = Debug|Any CPU
		Release|Any CPU = Release|Any CPU
	EndGlobalSection
	GlobalSection(ProjectConfigurationPlatforms) = postSolution
		{D2D86A81-FA40-4B21-B349-6C9F31FE7C9C}.Debug|Any CPU.ActiveCfg = Debug|Any CPU
		{D2D86A81-FA40-4B21-B349-6C9F31FE7C9C}.Debug|Any CPU.Build.0 = Debug|Any CPU
		{D2D86A81-FA40-4B21-B349-6C9F31FE7C9C}.Release|Any CPU.ActiveCfg = Release|Any CPU
		{D2D86A81-FA40-4B21-B349-6C9F31FE7C9C}.Release|Any CPU.Build.0 = Release|Any CPU
		{926AC439-B946-4941-82DB-DCBC18CEA7C7}.Debug|Any CPU.ActiveCfg = Debug|Any CPU
		{926AC439-B946-4941-82DB-DCBC18CEA7C7}.Debug|Any CPU.Build.0 = Debug|Any CPU
		{926AC439-B946-4941-82DB-DCBC18CEA7C7}.Release|Any CPU.ActiveCfg = Release|Any CPU
		{926AC439-B946-4941-82DB-DCBC18CEA7C7}.Release|Any CPU.Build.0 = Release|Any CPU
		{74A3FA1D-0D6A-41CA-914E-87AEBBF4E2EB}.Debug|Any CPU.ActiveCfg = Debug|Any CPU
		{74A3FA1D-0D6A-41CA-914E-87AEBBF4E2EB}.Debug|Any CPU.Build.0 = Debug|Any CPU
		{74A3FA1D-0D6A-41CA-914E-87AEBBF4E2EB}.Release|Any CPU.ActiveCfg = Release|Any CPU
		{74A3FA1D-0D6A-41CA-914E-87AEBBF4E2EB}.Release|Any CPU.Build.0 = Release|Any CPU
		{0BF54118-18D7-4C93-ACB1-07480DC97D60}.Debug|Any CPU.ActiveCfg = Debug|Any CPU
		{0BF54118-18D7-4C93-ACB1-07480DC97D60}.Debug|Any CPU.Build.0 = Debug|Any CPU
		{0BF54118-18D7-4C93-ACB1-07480DC97D60}.Release|Any CPU.ActiveCfg = Release|Any CPU
		{0BF54118-18D7-4C93-ACB1-07480DC97D60}.Release|Any CPU.Build.0 = Release|Any CPU
		{6C783E16-19F6-4FC1-9F5F-2D95EB3C545A}.Debug|Any CPU.ActiveCfg = Debug|Any CPU
		{6C783E16-19F6-4FC1-9F5F-2D95EB3C545A}.Debug|Any CPU.Build.0 = Debug|Any CPU
		{6C783E16-19F6-4FC1-9F5F-2D95EB3C545A}.Release|Any CPU.ActiveCfg = Release|Any CPU
		{6C783E16-19F6-4FC1-9F5F-2D95EB3C545A}.Release|Any CPU.Build.0 = Release|Any CPU
	EndGlobalSection
	GlobalSection(SolutionProperties) = preSolution
		HideSolutionNode = FALSE
	EndGlobalSection
	GlobalSection(NestedProjects) = preSolution
		{737D3361-C1A8-4AE0-A887-2A5CF5E0B0F3} = {0060394E-ADD5-4B18-9534-48D85F2474B1}
		{5ADC0312-0E6E-4250-8EFA-3B5EDA009785} = {0060394E-ADD5-4B18-9534-48D85F2474B1}
		{2D725C21-B603-40CE-9A87-045D0307B1CA} = {0060394E-ADD5-4B18-9534-48D85F2474B1}
		{2CD9ACDD-0A30-4B50-B461-40D5F4F2CFC9} = {0060394E-ADD5-4B18-9534-48D85F2474B1}
		{D2D86A81-FA40-4B21-B349-6C9F31FE7C9C} = {5ADC0312-0E6E-4250-8EFA-3B5EDA009785}
		{926AC439-B946-4941-82DB-DCBC18CEA7C7} = {5ADC0312-0E6E-4250-8EFA-3B5EDA009785}
		{74A3FA1D-0D6A-41CA-914E-87AEBBF4E2EB} = {2D725C21-B603-40CE-9A87-045D0307B1CA}
		{0BF54118-18D7-4C93-ACB1-07480DC97D60} = {2D725C21-B603-40CE-9A87-045D0307B1CA}
		{6C783E16-19F6-4FC1-9F5F-2D95EB3C545A} = {737D3361-C1A8-4AE0-A887-2A5CF5E0B0F3}
	EndGlobalSection
	GlobalSection(ExtensibilityGlobals) = postSolution
		SolutionGuid = {6862DF21-281E-43D2-BFB7-C79B9F8FD10A}
	EndGlobalSection
EndGlobal
